// !$*UTF8*$!
{
	archiveVersion = 1;
	classes = {
	};
	objectVersion = 50;
	objects = {

/* Begin PBXBuildFile section */
		C957BC1520EF9181009C3D72 /* SUTRuntimeMethodHelper.m in Sources */ = {isa = PBXBuildFile; fileRef = C957BC1420EF9181009C3D72 /* SUTRuntimeMethodHelper.m */; };
		C957BC1820EF91F3009C3D72 /* SUTRuntimeMethod.m in Sources */ = {isa = PBXBuildFile; fileRef = C957BC1720EF91F3009C3D72 /* SUTRuntimeMethod.m */; };
		C995966E20E249C2003747A2 /* AppDelegate.m in Sources */ = {isa = PBXBuildFile; fileRef = C995966D20E249C2003747A2 /* AppDelegate.m */; };
		C995967120E249C2003747A2 /* ViewController.m in Sources */ = {isa = PBXBuildFile; fileRef = C995967020E249C2003747A2 /* ViewController.m */; };
		C995967420E249C2003747A2 /* Main.storyboard in Resources */ = {isa = PBXBuildFile; fileRef = C995967220E249C2003747A2 /* Main.storyboard */; };
		C995967620E249C4003747A2 /* Assets.xcassets in Resources */ = {isa = PBXBuildFile; fileRef = C995967520E249C4003747A2 /* Assets.xcassets */; };
		C995967920E249C4003747A2 /* LaunchScreen.storyboard in Resources */ = {isa = PBXBuildFile; fileRef = C995967720E249C4003747A2 /* LaunchScreen.storyboard */; };
		C995967C20E249C4003747A2 /* main.m in Sources */ = {isa = PBXBuildFile; fileRef = C995967B20E249C4003747A2 /* main.m */; };
		C995968420E2588D003747A2 /* FirstView.m in Sources */ = {isa = PBXBuildFile; fileRef = C995968320E2588D003747A2 /* FirstView.m */; settings = {COMPILER_FLAGS = "-fno-objc-arc"; }; };
		C995968720E259BC003747A2 /* Lender.m in Sources */ = {isa = PBXBuildFile; fileRef = C995968620E259BC003747A2 /* Lender.m */; };
		C9B34A1A20FCB7DD0043CB3C /* Struct.m in Sources */ = {isa = PBXBuildFile; fileRef = C9B34A1920FCB7DD0043CB3C /* Struct.m */; };
/* End PBXBuildFile section */

/* Begin PBXFileReference section */
		C957BC1320EF9181009C3D72 /* SUTRuntimeMethodHelper.h */ = {isa = PBXFileReference; lastKnownFileType = sourcecode.c.h; path = SUTRuntimeMethodHelper.h; sourceTree = "<group>"; };
		C957BC1420EF9181009C3D72 /* SUTRuntimeMethodHelper.m */ = {isa = PBXFileReference; lastKnownFileType = sourcecode.c.objc; path = SUTRuntimeMethodHelper.m; sourceTree = "<group>"; };
		C957BC1620EF91F3009C3D72 /* SUTRuntimeMethod.h */ = {isa = PBXFileReference; lastKnownFileType = sourcecode.c.h; path = SUTRuntimeMethod.h; sourceTree = "<group>"; };
		C957BC1720EF91F3009C3D72 /* SUTRuntimeMethod.m */ = {isa = PBXFileReference; lastKnownFileType = sourcecode.c.objc; path = SUTRuntimeMethod.m; sourceTree = "<group>"; };
		C995966920E249C2003747A2 /* Runtime.app */ = {isa = PBXFileReference; explicitFileType = wrapper.application; includeInIndex = 0; path = Runtime.app; sourceTree = BUILT_PRODUCTS_DIR; };
		C995966C20E249C2003747A2 /* AppDelegate.h */ = {isa = PBXFileReference; lastKnownFileType = sourcecode.c.h; path = AppDelegate.h; sourceTree = "<group>"; };
		C995966D20E249C2003747A2 /* AppDelegate.m */ = {isa = PBXFileReference; lastKnownFileType = sourcecode.c.objc; path = AppDelegate.m; sourceTree = "<group>"; };
		C995966F20E249C2003747A2 /* ViewController.h */ = {isa = PBXFileReference; lastKnownFileType = sourcecode.c.h; path = ViewController.h; sourceTree = "<group>"; };
		C995967020E249C2003747A2 /* ViewController.m */ = {isa = PBXFileReference; lastKnownFileType = sourcecode.c.objc; path = ViewController.m; sourceTree = "<group>"; };
		C995967320E249C2003747A2 /* Base */ = {isa = PBXFileReference; lastKnownFileType = file.storyboard; name = Base; path = Base.lproj/Main.storyboard; sourceTree = "<group>"; };
		C995967520E249C4003747A2 /* Assets.xcassets */ = {isa = PBXFileReference; lastKnownFileType = folder.assetcatalog; path = Assets.xcassets; sourceTree = "<group>"; };
		C995967820E249C4003747A2 /* Base */ = {isa = PBXFileReference; lastKnownFileType = file.storyboard; name = Base; path = Base.lproj/LaunchScreen.storyboard; sourceTree = "<group>"; };
		C995967A20E249C4003747A2 /* Info.plist */ = {isa = PBXFileReference; lastKnownFileType = text.plist.xml; path = Info.plist; sourceTree = "<group>"; };
		C995967B20E249C4003747A2 /* main.m */ = {isa = PBXFileReference; lastKnownFileType = sourcecode.c.objc; path = main.m; sourceTree = "<group>"; };
		C995968220E2588D003747A2 /* FirstView.h */ = {isa = PBXFileReference; lastKnownFileType = sourcecode.c.h; path = FirstView.h; sourceTree = "<group>"; };
		C995968320E2588D003747A2 /* FirstView.m */ = {isa = PBXFileReference; lastKnownFileType = sourcecode.c.objc; path = FirstView.m; sourceTree = "<group>"; };
		C995968520E259BC003747A2 /* Lender.h */ = {isa = PBXFileReference; lastKnownFileType = sourcecode.c.h; path = Lender.h; sourceTree = "<group>"; };
		C995968620E259BC003747A2 /* Lender.m */ = {isa = PBXFileReference; lastKnownFileType = sourcecode.c.objc; path = Lender.m; sourceTree = "<group>"; };
		C9B34A1820FCB7DD0043CB3C /* Struct.h */ = {isa = PBXFileReference; lastKnownFileType = sourcecode.c.h; path = Struct.h; sourceTree = "<group>"; };
		C9B34A1920FCB7DD0043CB3C /* Struct.m */ = {isa = PBXFileReference; lastKnownFileType = sourcecode.c.objc; path = Struct.m; sourceTree = "<group>"; };
		C9D56A1920F385F30094A94D /* PrefixHeader.pch */ = {isa = PBXFileReference; lastKnownFileType = sourcecode.c.h; path = PrefixHeader.pch; sourceTree = "<group>"; };
/* End PBXFileReference section */

/* Begin PBXFrameworksBuildPhase section */
		C995966620E249C2003747A2 /* Frameworks */ = {
			isa = PBXFrameworksBuildPhase;
			buildActionMask = 2147483647;
			files = (
			);
			runOnlyForDeploymentPostprocessing = 0;
		};
/* End PBXFrameworksBuildPhase section */

/* Begin PBXGroup section */
		C995966020E249C2003747A2 = {
			isa = PBXGroup;
			children = (
				C9D56A1920F385F30094A94D /* PrefixHeader.pch */,
				C995966B20E249C2003747A2 /* Runtime */,
				C995966A20E249C2003747A2 /* Products */,
			);
			sourceTree = "<group>";
		};
		C995966A20E249C2003747A2 /* Products */ = {
			isa = PBXGroup;
			children = (
				C995966920E249C2003747A2 /* Runtime.app */,
			);
			name = Products;
			sourceTree = "<group>";
		};
		C995966B20E249C2003747A2 /* Runtime */ = {
			isa = PBXGroup;
			children = (
				C9B34A1B20FCB7EC0043CB3C /* New Group */,
				C9B34A1720FCB7AC0043CB3C /* Struct */,
				C995966C20E249C2003747A2 /* AppDelegate.h */,
				C995966D20E249C2003747A2 /* AppDelegate.m */,
				C995966F20E249C2003747A2 /* ViewController.h */,
				C995967020E249C2003747A2 /* ViewController.m */,
				C957BC1320EF9181009C3D72 /* SUTRuntimeMethodHelper.h */,
				C957BC1420EF9181009C3D72 /* SUTRuntimeMethodHelper.m */,
				C957BC1620EF91F3009C3D72 /* SUTRuntimeMethod.h */,
				C957BC1720EF91F3009C3D72 /* SUTRuntimeMethod.m */,
				C995968220E2588D003747A2 /* FirstView.h */,
				C995968320E2588D003747A2 /* FirstView.m */,
				C995968520E259BC003747A2 /* Lender.h */,
				C995968620E259BC003747A2 /* Lender.m */,
				C995967220E249C2003747A2 /* Main.storyboard */,
				C995967520E249C4003747A2 /* Assets.xcassets */,
				C995967720E249C4003747A2 /* LaunchScreen.storyboard */,
				C995967A20E249C4003747A2 /* Info.plist */,
				C995967B20E249C4003747A2 /* main.m */,
			);
			path = Runtime;
			sourceTree = "<group>";
		};
		C9B34A1720FCB7AC0043CB3C /* Struct */ = {
			isa = PBXGroup;
			children = (
				C9B34A1820FCB7DD0043CB3C /* Struct.h */,
				C9B34A1920FCB7DD0043CB3C /* Struct.m */,
			);
			name = Struct;
			sourceTree = "<group>";
		};
		C9B34A1B20FCB7EC0043CB3C /* New Group */ = {
			isa = PBXGroup;
			children = (
			);
			name = "New Group";
			sourceTree = "<group>";
		};
/* End PBXGroup section */

/* Begin PBXNativeTarget section */
		C995966820E249C2003747A2 /* Runtime */ = {
			isa = PBXNativeTarget;
			buildConfigurationList = C995967F20E249C4003747A2 /* Build configuration list for PBXNativeTarget "Runtime" */;
			buildPhases = (
				C995966520E249C2003747A2 /* Sources */,
				C995966620E249C2003747A2 /* Frameworks */,
				C995966720E249C2003747A2 /* Resources */,
			);
			buildRules = (
			);
			dependencies = (
			);
			name = Runtime;
			productName = Runtime;
			productReference = C995966920E249C2003747A2 /* Runtime.app */;
			productType = "com.apple.product-type.application";
		};
/* End PBXNativeTarget section */

/* Begin PBXProject section */
		C995966120E249C2003747A2 /* Project object */ = {
			isa = PBXProject;
			attributes = {
				LastUpgradeCheck = 0930;
				ORGANIZATIONNAME = mob;
				TargetAttributes = {
					C995966820E249C2003747A2 = {
						CreatedOnToolsVersion = 9.3.1;
					};
				};
			};
			buildConfigurationList = C995966420E249C2003747A2 /* Build configuration list for PBXProject "Runtime" */;
			compatibilityVersion = "Xcode 9.3";
			developmentRegion = en;
			hasScannedForEncodings = 0;
			knownRegions = (
				en,
				Base,
			);
			mainGroup = C995966020E249C2003747A2;
			productRefGroup = C995966A20E249C2003747A2 /* Products */;
			projectDirPath = "";
			projectRoot = "";
			targets = (
				C995966820E249C2003747A2 /* Runtime */,
			);
		};
/* End PBXProject section */

/* Begin PBXResourcesBuildPhase section */
		C995966720E249C2003747A2 /* Resources */ = {
			isa = PBXResourcesBuildPhase;
			buildActionMask = 2147483647;
			files = (
				C995967920E249C4003747A2 /* LaunchScreen.storyboard in Resources */,
				C995967620E249C4003747A2 /* Assets.xcassets in Resources */,
				C995967420E249C2003747A2 /* Main.storyboard in Resources */,
			);
			runOnlyForDeploymentPostprocessing = 0;
		};
/* End PBXResourcesBuildPhase section */

/* Begin PBXSourcesBuildPhase section */
		C995966520E249C2003747A2 /* Sources */ = {
			isa = PBXSourcesBuildPhase;
			buildActionMask = 2147483647;
			files = (
				C9B34A1A20FCB7DD0043CB3C /* Struct.m in Sources */,
				C995967120E249C2003747A2 /* ViewController.m in Sources */,
				C995968420E2588D003747A2 /* FirstView.m in Sources */,
				C957BC1820EF91F3009C3D72 /* SUTRuntimeMethod.m in Sources */,
				C995967C20E249C4003747A2 /* main.m in Sources */,
				C995966E20E249C2003747A2 /* AppDelegate.m in Sources */,
				C957BC1520EF9181009C3D72 /* SUTRuntimeMethodHelper.m in Sources */,
				C995968720E259BC003747A2 /* Lender.m in Sources */,
			);
			runOnlyForDeploymentPostprocessing = 0;
		};
/* End PBXSourcesBuildPhase section */

/* Begin PBXVariantGroup section */
		C995967220E249C2003747A2 /* Main.storyboard */ = {
			isa = PBXVariantGroup;
			children = (
				C995967320E249C2003747A2 /* Base */,
			);
			name = Main.storyboard;
			sourceTree = "<group>";
		};
		C995967720E249C4003747A2 /* LaunchScreen.storyboard */ = {
			isa = PBXVariantGroup;
			children = (
				C995967820E249C4003747A2 /* Base */,
			);
			name = LaunchScreen.storyboard;
			sourceTree = "<group>";
		};
/* End PBXVariantGroup section */

/* Begin XCBuildConfiguration section */
		C995967D20E249C4003747A2 /* Debug */ = {
			isa = XCBuildConfiguration;
			buildSettings = {
				ALWAYS_SEARCH_USER_PATHS = NO;
				CLANG_ANALYZER_NONNULL = YES;
				CLANG_ANALYZER_NUMBER_OBJECT_CONVERSION = YES_AGGRESSIVE;
				CLANG_CXX_LANGUAGE_STANDARD = "gnu++14";
				CLANG_CXX_LIBRARY = "libc++";
				CLANG_ENABLE_MODULES = YES;
				CLANG_ENABLE_OBJC_ARC = YES;
				CLANG_ENABLE_OBJC_WEAK = YES;
				CLANG_WARN_BLOCK_CAPTURE_AUTORELEASING = YES;
				CLANG_WARN_BOOL_CONVERSION = YES;
				CLANG_WARN_COMMA = YES;
				CLANG_WARN_CONSTANT_CONVERSION = YES;
				CLANG_WARN_DEPRECATED_OBJC_IMPLEMENTATIONS = YES;
				CLANG_WARN_DIRECT_OBJC_ISA_USAGE = YES_ERROR;
				CLANG_WARN_DOCUMENTATION_COMMENTS = YES;
				CLANG_WARN_EMPTY_BODY = YES;
				CLANG_WARN_ENUM_CONVERSION = YES;
				CLANG_WARN_INFINITE_RECURSION = YES;
				CLANG_WARN_INT_CONVERSION = YES;
				CLANG_WARN_NON_LITERAL_NULL_CONVERSION = YES;
				CLANG_WARN_OBJC_IMPLICIT_RETAIN_SELF = YES;
				CLANG_WARN_OBJC_LITERAL_CONVERSION = YES;
				CLANG_WARN_OBJC_ROOT_CLASS = YES_ERROR;
				CLANG_WARN_RANGE_LOOP_ANALYSIS = YES;
				CLANG_WARN_STRICT_PROTOTYPES = YES;
				CLANG_WARN_SUSPICIOUS_MOVE = YES;
				CLANG_WARN_UNGUARDED_AVAILABILITY = YES_AGGRESSIVE;
				CLANG_WARN_UNREACHABLE_CODE = YES;
				CLANG_WARN__DUPLICATE_METHOD_MATCH = YES;
				CODE_SIGN_IDENTITY = "iPhone Developer";
				COPY_PHASE_STRIP = NO;
				DEBUG_INFORMATION_FORMAT = dwarf;
				ENABLE_STRICT_OBJC_MSGSEND = YES;
				ENABLE_TESTABILITY = YES;
				GCC_C_LANGUAGE_STANDARD = gnu11;
				GCC_DYNAMIC_NO_PIC = NO;
				GCC_NO_COMMON_BLOCKS = YES;
				GCC_OPTIMIZATION_LEVEL = 0;
				GCC_PREPROCESSOR_DEFINITIONS = (
					"DEBUG=1",
					"$(inherited)",
				);
				GCC_WARN_64_TO_32_BIT_CONVERSION = YES;
				GCC_WARN_ABOUT_RETURN_TYPE = YES_ERROR;
				GCC_WARN_UNDECLARED_SELECTOR = YES;
				GCC_WARN_UNINITIALIZED_AUTOS = YES_AGGRESSIVE;
				GCC_WARN_UNUSED_FUNCTION = YES;
				GCC_WARN_UNUSED_VARIABLE = YES;
				IPHONEOS_DEPLOYMENT_TARGET = 11.3;
				MTL_ENABLE_DEBUG_INFO = YES;
				ONLY_ACTIVE_ARCH = YES;
				SDKROOT = iphoneos;
			};
			name = Debug;
		};
		C995967E20E249C4003747A2 /* Release */ = {
			isa = XCBuildConfiguration;
			buildSettings = {
				ALWAYS_SEARCH_USER_PATHS = NO;
				CLANG_ANALYZER_NONNULL = YES;
				CLANG_ANALYZER_NUMBER_OBJECT_CONVERSION = YES_AGGRESSIVE;
				CLANG_CXX_LANGUAGE_STANDARD = "gnu++14";
				CLANG_CXX_LIBRARY = "libc++";
				CLANG_ENABLE_MODULES = YES;
				CLANG_ENABLE_OBJC_ARC = YES;
				CLANG_ENABLE_OBJC_WEAK = YES;
				CLANG_WARN_BLOCK_CAPTURE_AUTORELEASING = YES;
				CLANG_WARN_BOOL_CONVERSION = YES;
				CLANG_WARN_COMMA = YES;
				CLANG_WARN_CONSTANT_CONVERSION = YES;
				CLANG_WARN_DEPRECATED_OBJC_IMPLEMENTATIONS = YES;
				CLANG_WARN_DIRECT_OBJC_ISA_USAGE = YES_ERROR;
				CLANG_WARN_DOCUMENTATION_COMMENTS = YES;
				CLANG_WARN_EMPTY_BODY = YES;
				CLANG_WARN_ENUM_CONVERSION = YES;
				CLANG_WARN_INFINITE_RECURSION = YES;
				CLANG_WARN_INT_CONVERSION = YES;
				CLANG_WARN_NON_LITERAL_NULL_CONVERSION = YES;
				CLANG_WARN_OBJC_IMPLICIT_RETAIN_SELF = YES;
				CLANG_WARN_OBJC_LITERAL_CONVERSION = YES;
				CLANG_WARN_OBJC_ROOT_CLASS = YES_ERROR;
				CLANG_WARN_RANGE_LOOP_ANALYSIS = YES;
				CLANG_WARN_STRICT_PROTOTYPES = YES;
				CLANG_WARN_SUSPICIOUS_MOVE = YES;
				CLANG_WARN_UNGUARDED_AVAILABILITY = YES_AGGRESSIVE;
				CLANG_WARN_UNREACHABLE_CODE = YES;
				CLANG_WARN__DUPLICATE_METHOD_MATCH = YES;
				CODE_SIGN_IDENTITY = "iPhone Developer";
				COPY_PHASE_STRIP = NO;
				DEBUG_INFORMATION_FORMAT = "dwarf-with-dsym";
				ENABLE_NS_ASSERTIONS = NO;
				ENABLE_STRICT_OBJC_MSGSEND = YES;
				GCC_C_LANGUAGE_STANDARD = gnu11;
				GCC_NO_COMMON_BLOCKS = YES;
				GCC_WARN_64_TO_32_BIT_CONVERSION = YES;
				GCC_WARN_ABOUT_RETURN_TYPE = YES_ERROR;
				GCC_WARN_UNDECLARED_SELECTOR = YES;
				GCC_WARN_UNINITIALIZED_AUTOS = YES_AGGRESSIVE;
				GCC_WARN_UNUSED_FUNCTION = YES;
				GCC_WARN_UNUSED_VARIABLE = YES;
				IPHONEOS_DEPLOYMENT_TARGET = 11.3;
				MTL_ENABLE_DEBUG_INFO = NO;
				SDKROOT = iphoneos;
				VALIDATE_PRODUCT = YES;
			};
			name = Release;
		};
		C995968020E249C4003747A2 /* Debug */ = {
			isa = XCBuildConfiguration;
			buildSettings = {
				ASSETCATALOG_COMPILER_APPICON_NAME = AppIcon;
				CODE_SIGN_STYLE = Automatic;
				DEVELOPMENT_TEAM = 9667A46C8L;
				INFOPLIST_FILE = Runtime/Info.plist;
				LD_RUNPATH_SEARCH_PATHS = (
					"$(inherited)",
					"@executable_path/Frameworks",
				);
				PRODUCT_BUNDLE_IDENTIFIER = mob.Runtime;
				PRODUCT_NAME = "$(TARGET_NAME)";
				TARGETED_DEVICE_FAMILY = "1,2";
			};
			name = Debug;
		};
		C995968120E249C4003747A2 /* Release */ = {
			isa = XCBuildConfiguration;
			buildSettings = {
				ASSETCATALOG_COMPILER_APPICON_NAME = AppIcon;
				CODE_SIGN_STYLE = Automatic;
				DEVELOPMENT_TEAM = 9667A46C8L;
				INFOPLIST_FILE = Runtime/Info.plist;
				LD_RUNPATH_SEARCH_PATHS = (
					"$(inherited)",
					"@executable_path/Frameworks",
				);
				PRODUCT_BUNDLE_IDENTIFIER = mob.Runtime;
				PRODUCT_NAME = "$(TARGET_NAME)";
				TARGETED_DEVICE_FAMILY = "1,2";
			};
			name = Release;
		};
/* End XCBuildConfiguration section */

/* Begin XCConfigurationList section */
		C995966420E249C2003747A2 /* Build configuration list for PBXProject "Runtime" */ = {
			isa = XCConfigurationList;
			buildConfigurations = (
				C995967D20E249C4003747A2 /* Debug */,
				C995967E20E249C4003747A2 /* Release */,
			);
			defaultConfigurationIsVisible = 0;
			defaultConfigurationName = Release;
		};
		C995967F20E249C4003747A2 /* Build configuration list for PBXNativeTarget "Runtime" */ = {
			isa = XCConfigurationList;
			buildConfigurations = (
				C995968020E249C4003747A2 /* Debug */,
				C995968120E249C4003747A2 /* Release */,
			);
			defaultConfigurationIsVisible = 0;
			defaultConfigurationName = Release;
		};
/* End XCConfigurationList section */
	};
	rootObject = C995966120E249C2003747A2 /* Project object */;
}
